{
  "name": "zkgraph",
  "lockfileVersion": 2,
  "requires": true,
  "packages": {
    "": {
      "name": "zkgraph",
      "dependencies": {
        "assemblyscript": "^0.27.0",
        "ethers": "^5.7.2",
        "vite": "^4.1.4"
      }
    },
    "node_modules/@esbuild/darwin-arm64": {
      "version": "0.16.17",
      "cpu": [
        "arm64"
      ],
      "license": "MIT",
      "optional": true,
      "os": [
        "darwin"
      ],
      "engines": {
        "node": ">=12"
      }
    },
    "node_modules/@ethersproject/abi": {
      "version": "5.7.0",
      "funding": [
        {
          "type": "individual",
          "url": "https://gitcoin.co/grants/13/ethersjs-complete-simple-and-tiny-2"
        },
        {
          "type": "individual",
          "url": "https://www.buymeacoffee.com/ricmoo"
        }
      ],
      "license": "MIT",
      "dependencies": {
        "@ethersproject/address": "^5.7.0",
        "@ethersproject/bignumber": "^5.7.0",
        "@ethersproject/bytes": "^5.7.0",
        "@ethersproject/constants": "^5.7.0",
        "@ethersproject/hash": "^5.7.0",
        "@ethersproject/keccak256": "^5.7.0",
        "@ethersproject/logger": "^5.7.0",
        "@ethersproject/properties": "^5.7.0",
        "@ethersproject/strings": "^5.7.0"
      }
    },
    "node_modules/@ethersproject/abstract-provider": {
      "version": "5.7.0",
      "funding": [
        {
          "type": "individual",
          "url": "https://gitcoin.co/grants/13/ethersjs-complete-simple-and-tiny-2"
        },
        {
          "type": "individual",
          "url": "https://www.buymeacoffee.com/ricmoo"
        }
      ],
      "license": "MIT",
      "dependencies": {
        "@ethersproject/bignumber": "^5.7.0",
        "@ethersproject/bytes": "^5.7.0",
        "@ethersproject/logger": "^5.7.0",
        "@ethersproject/networks": "^5.7.0",
        "@ethersproject/properties": "^5.7.0",
        "@ethersproject/transactions": "^5.7.0",
        "@ethersproject/web": "^5.7.0"
      }
    },
    "node_modules/@ethersproject/abstract-signer": {
      "version": "5.7.0",
      "funding": [
        {
          "type": "individual",
          "url": "https://gitcoin.co/grants/13/ethersjs-complete-simple-and-tiny-2"
        },
        {
          "type": "individual",
          "url": "https://www.buymeacoffee.com/ricmoo"
        }
      ],
      "license": "MIT",
      "dependencies": {
        "@ethersproject/abstract-provider": "^5.7.0",
        "@ethersproject/bignumber": "^5.7.0",
        "@ethersproject/bytes": "^5.7.0",
        "@ethersproject/logger": "^5.7.0",
        "@ethersproject/properties": "^5.7.0"
      }
    },
    "node_modules/@ethersproject/address": {
      "version": "5.7.0",
      "funding": [
        {
          "type": "individual",
          "url": "https://gitcoin.co/grants/13/ethersjs-complete-simple-and-tiny-2"
        },
        {
          "type": "individual",
          "url": "https://www.buymeacoffee.com/ricmoo"
        }
      ],
      "license": "MIT",
      "dependencies": {
        "@ethersproject/bignumber": "^5.7.0",
        "@ethersproject/bytes": "^5.7.0",
        "@ethersproject/keccak256": "^5.7.0",
        "@ethersproject/logger": "^5.7.0",
        "@ethersproject/rlp": "^5.7.0"
      }
    },
    "node_modules/@ethersproject/base64": {
      "version": "5.7.0",
      "funding": [
        {
          "type": "individual",
          "url": "https://gitcoin.co/grants/13/ethersjs-complete-simple-and-tiny-2"
        },
        {
          "type": "individual",
          "url": "https://www.buymeacoffee.com/ricmoo"
        }
      ],
      "license": "MIT",
      "dependencies": {
        "@ethersproject/bytes": "^5.7.0"
      }
    },
    "node_modules/@ethersproject/basex": {
      "version": "5.7.0",
      "funding": [
        {
          "type": "individual",
          "url": "https://gitcoin.co/grants/13/ethersjs-complete-simple-and-tiny-2"
        },
        {
          "type": "individual",
          "url": "https://www.buymeacoffee.com/ricmoo"
        }
      ],
      "license": "MIT",
      "dependencies": {
        "@ethersproject/bytes": "^5.7.0",
        "@ethersproject/properties": "^5.7.0"
      }
    },
    "node_modules/@ethersproject/bignumber": {
      "version": "5.7.0",
      "funding": [
        {
          "type": "individual",
          "url": "https://gitcoin.co/grants/13/ethersjs-complete-simple-and-tiny-2"
        },
        {
          "type": "individual",
          "url": "https://www.buymeacoffee.com/ricmoo"
        }
      ],
      "license": "MIT",
      "dependencies": {
        "@ethersproject/bytes": "^5.7.0",
        "@ethersproject/logger": "^5.7.0",
        "bn.js": "^5.2.1"
      }
    },
    "node_modules/@ethersproject/bytes": {
      "version": "5.7.0",
      "funding": [
        {
          "type": "individual",
          "url": "https://gitcoin.co/grants/13/ethersjs-complete-simple-and-tiny-2"
        },
        {
          "type": "individual",
          "url": "https://www.buymeacoffee.com/ricmoo"
        }
      ],
      "license": "MIT",
      "dependencies": {
        "@ethersproject/logger": "^5.7.0"
      }
    },
    "node_modules/@ethersproject/constants": {
      "version": "5.7.0",
      "funding": [
        {
          "type": "individual",
          "url": "https://gitcoin.co/grants/13/ethersjs-complete-simple-and-tiny-2"
        },
        {
          "type": "individual",
          "url": "https://www.buymeacoffee.com/ricmoo"
        }
      ],
      "license": "MIT",
      "dependencies": {
        "@ethersproject/bignumber": "^5.7.0"
      }
    },
    "node_modules/@ethersproject/contracts": {
      "version": "5.7.0",
      "funding": [
        {
          "type": "individual",
          "url": "https://gitcoin.co/grants/13/ethersjs-complete-simple-and-tiny-2"
        },
        {
          "type": "individual",
          "url": "https://www.buymeacoffee.com/ricmoo"
        }
      ],
      "license": "MIT",
      "dependencies": {
        "@ethersproject/abi": "^5.7.0",
        "@ethersproject/abstract-provider": "^5.7.0",
        "@ethersproject/abstract-signer": "^5.7.0",
        "@ethersproject/address": "^5.7.0",
        "@ethersproject/bignumber": "^5.7.0",
        "@ethersproject/bytes": "^5.7.0",
        "@ethersproject/constants": "^5.7.0",
        "@ethersproject/logger": "^5.7.0",
        "@ethersproject/properties": "^5.7.0",
        "@ethersproject/transactions": "^5.7.0"
      }
    },
    "node_modules/@ethersproject/hash": {
      "version": "5.7.0",
      "funding": [
        {
          "type": "individual",
          "url": "https://gitcoin.co/grants/13/ethersjs-complete-simple-and-tiny-2"
        },
        {
          "type": "individual",
          "url": "https://www.buymeacoffee.com/ricmoo"
        }
      ],
      "license": "MIT",
      "dependencies": {
        "@ethersproject/abstract-signer": "^5.7.0",
        "@ethersproject/address": "^5.7.0",
        "@ethersproject/base64": "^5.7.0",
        "@ethersproject/bignumber": "^5.7.0",
        "@ethersproject/bytes": "^5.7.0",
        "@ethersproject/keccak256": "^5.7.0",
        "@ethersproject/logger": "^5.7.0",
        "@ethersproject/properties": "^5.7.0",
        "@ethersproject/strings": "^5.7.0"
      }
    },
    "node_modules/@ethersproject/hdnode": {
      "version": "5.7.0",
      "funding": [
        {
          "type": "individual",
          "url": "https://gitcoin.co/grants/13/ethersjs-complete-simple-and-tiny-2"
        },
        {
          "type": "individual",
          "url": "https://www.buymeacoffee.com/ricmoo"
        }
      ],
      "license": "MIT",
      "dependencies": {
        "@ethersproject/abstract-signer": "^5.7.0",
        "@ethersproject/basex": "^5.7.0",
        "@ethersproject/bignumber": "^5.7.0",
        "@ethersproject/bytes": "^5.7.0",
        "@ethersproject/logger": "^5.7.0",
        "@ethersproject/pbkdf2": "^5.7.0",
        "@ethersproject/properties": "^5.7.0",
        "@ethersproject/sha2": "^5.7.0",
        "@ethersproject/signing-key": "^5.7.0",
        "@ethersproject/strings": "^5.7.0",
        "@ethersproject/transactions": "^5.7.0",
        "@ethersproject/wordlists": "^5.7.0"
      }
    },
    "node_modules/@ethersproject/json-wallets": {
      "version": "5.7.0",
      "funding": [
        {
          "type": "individual",
          "url": "https://gitcoin.co/grants/13/ethersjs-complete-simple-and-tiny-2"
        },
        {
          "type": "individual",
          "url": "https://www.buymeacoffee.com/ricmoo"
        }
      ],
      "license": "MIT",
      "dependencies": {
        "@ethersproject/abstract-signer": "^5.7.0",
        "@ethersproject/address": "^5.7.0",
        "@ethersproject/bytes": "^5.7.0",
        "@ethersproject/hdnode": "^5.7.0",
        "@ethersproject/keccak256": "^5.7.0",
        "@ethersproject/logger": "^5.7.0",
        "@ethersproject/pbkdf2": "^5.7.0",
        "@ethersproject/properties": "^5.7.0",
        "@ethersproject/random": "^5.7.0",
        "@ethersproject/strings": "^5.7.0",
        "@ethersproject/transactions": "^5.7.0",
        "aes-js": "3.0.0",
        "scrypt-js": "3.0.1"
      }
    },
    "node_modules/@ethersproject/keccak256": {
      "version": "5.7.0",
      "funding": [
        {
          "type": "individual",
          "url": "https://gitcoin.co/grants/13/ethersjs-complete-simple-and-tiny-2"
        },
        {
          "type": "individual",
          "url": "https://www.buymeacoffee.com/ricmoo"
        }
      ],
      "license": "MIT",
      "dependencies": {
        "@ethersproject/bytes": "^5.7.0",
        "js-sha3": "0.8.0"
      }
    },
    "node_modules/@ethersproject/logger": {
      "version": "5.7.0",
      "funding": [
        {
          "type": "individual",
          "url": "https://gitcoin.co/grants/13/ethersjs-complete-simple-and-tiny-2"
        },
        {
          "type": "individual",
          "url": "https://www.buymeacoffee.com/ricmoo"
        }
      ],
      "license": "MIT"
    },
    "node_modules/@ethersproject/networks": {
      "version": "5.7.1",
      "funding": [
        {
          "type": "individual",
          "url": "https://gitcoin.co/grants/13/ethersjs-complete-simple-and-tiny-2"
        },
        {
          "type": "individual",
          "url": "https://www.buymeacoffee.com/ricmoo"
        }
      ],
      "license": "MIT",
      "dependencies": {
        "@ethersproject/logger": "^5.7.0"
      }
    },
    "node_modules/@ethersproject/pbkdf2": {
      "version": "5.7.0",
      "funding": [
        {
          "type": "individual",
          "url": "https://gitcoin.co/grants/13/ethersjs-complete-simple-and-tiny-2"
        },
        {
          "type": "individual",
          "url": "https://www.buymeacoffee.com/ricmoo"
        }
      ],
      "license": "MIT",
      "dependencies": {
        "@ethersproject/bytes": "^5.7.0",
        "@ethersproject/sha2": "^5.7.0"
      }
    },
    "node_modules/@ethersproject/properties": {
      "version": "5.7.0",
      "funding": [
        {
          "type": "individual",
          "url": "https://gitcoin.co/grants/13/ethersjs-complete-simple-and-tiny-2"
        },
        {
          "type": "individual",
          "url": "https://www.buymeacoffee.com/ricmoo"
        }
      ],
      "license": "MIT",
      "dependencies": {
        "@ethersproject/logger": "^5.7.0"
      }
    },
    "node_modules/@ethersproject/providers": {
      "version": "5.7.2",
      "funding": [
        {
          "type": "individual",
          "url": "https://gitcoin.co/grants/13/ethersjs-complete-simple-and-tiny-2"
        },
        {
          "type": "individual",
          "url": "https://www.buymeacoffee.com/ricmoo"
        }
      ],
      "license": "MIT",
      "dependencies": {
        "@ethersproject/abstract-provider": "^5.7.0",
        "@ethersproject/abstract-signer": "^5.7.0",
        "@ethersproject/address": "^5.7.0",
        "@ethersproject/base64": "^5.7.0",
        "@ethersproject/basex": "^5.7.0",
        "@ethersproject/bignumber": "^5.7.0",
        "@ethersproject/bytes": "^5.7.0",
        "@ethersproject/constants": "^5.7.0",
        "@ethersproject/hash": "^5.7.0",
        "@ethersproject/logger": "^5.7.0",
        "@ethersproject/networks": "^5.7.0",
        "@ethersproject/properties": "^5.7.0",
        "@ethersproject/random": "^5.7.0",
        "@ethersproject/rlp": "^5.7.0",
        "@ethersproject/sha2": "^5.7.0",
        "@ethersproject/strings": "^5.7.0",
        "@ethersproject/transactions": "^5.7.0",
        "@ethersproject/web": "^5.7.0",
        "bech32": "1.1.4",
        "ws": "7.4.6"
      }
    },
    "node_modules/@ethersproject/random": {
      "version": "5.7.0",
      "funding": [
        {
          "type": "individual",
          "url": "https://gitcoin.co/grants/13/ethersjs-complete-simple-and-tiny-2"
        },
        {
          "type": "individual",
          "url": "https://www.buymeacoffee.com/ricmoo"
        }
      ],
      "license": "MIT",
      "dependencies": {
        "@ethersproject/bytes": "^5.7.0",
        "@ethersproject/logger": "^5.7.0"
      }
    },
    "node_modules/@ethersproject/rlp": {
      "version": "5.7.0",
      "funding": [
        {
          "type": "individual",
          "url": "https://gitcoin.co/grants/13/ethersjs-complete-simple-and-tiny-2"
        },
        {
          "type": "individual",
          "url": "https://www.buymeacoffee.com/ricmoo"
        }
      ],
      "license": "MIT",
      "dependencies": {
        "@ethersproject/bytes": "^5.7.0",
        "@ethersproject/logger": "^5.7.0"
      }
    },
    "node_modules/@ethersproject/sha2": {
      "version": "5.7.0",
      "funding": [
        {
          "type": "individual",
          "url": "https://gitcoin.co/grants/13/ethersjs-complete-simple-and-tiny-2"
        },
        {
          "type": "individual",
          "url": "https://www.buymeacoffee.com/ricmoo"
        }
      ],
      "license": "MIT",
      "dependencies": {
        "@ethersproject/bytes": "^5.7.0",
        "@ethersproject/logger": "^5.7.0",
        "hash.js": "1.1.7"
      }
    },
    "node_modules/@ethersproject/signing-key": {
      "version": "5.7.0",
      "funding": [
        {
          "type": "individual",
          "url": "https://gitcoin.co/grants/13/ethersjs-complete-simple-and-tiny-2"
        },
        {
          "type": "individual",
          "url": "https://www.buymeacoffee.com/ricmoo"
        }
      ],
      "license": "MIT",
      "dependencies": {
        "@ethersproject/bytes": "^5.7.0",
        "@ethersproject/logger": "^5.7.0",
        "@ethersproject/properties": "^5.7.0",
        "bn.js": "^5.2.1",
        "elliptic": "6.5.4",
        "hash.js": "1.1.7"
      }
    },
    "node_modules/@ethersproject/solidity": {
      "version": "5.7.0",
      "funding": [
        {
          "type": "individual",
          "url": "https://gitcoin.co/grants/13/ethersjs-complete-simple-and-tiny-2"
        },
        {
          "type": "individual",
          "url": "https://www.buymeacoffee.com/ricmoo"
        }
      ],
      "license": "MIT",
      "dependencies": {
        "@ethersproject/bignumber": "^5.7.0",
        "@ethersproject/bytes": "^5.7.0",
        "@ethersproject/keccak256": "^5.7.0",
        "@ethersproject/logger": "^5.7.0",
        "@ethersproject/sha2": "^5.7.0",
        "@ethersproject/strings": "^5.7.0"
      }
    },
    "node_modules/@ethersproject/strings": {
      "version": "5.7.0",
      "funding": [
        {
          "type": "individual",
          "url": "https://gitcoin.co/grants/13/ethersjs-complete-simple-and-tiny-2"
        },
        {
          "type": "individual",
          "url": "https://www.buymeacoffee.com/ricmoo"
        }
      ],
      "license": "MIT",
      "dependencies": {
        "@ethersproject/bytes": "^5.7.0",
        "@ethersproject/constants": "^5.7.0",
        "@ethersproject/logger": "^5.7.0"
      }
    },
    "node_modules/@ethersproject/transactions": {
      "version": "5.7.0",
      "funding": [
        {
          "type": "individual",
          "url": "https://gitcoin.co/grants/13/ethersjs-complete-simple-and-tiny-2"
        },
        {
          "type": "individual",
          "url": "https://www.buymeacoffee.com/ricmoo"
        }
      ],
      "license": "MIT",
      "dependencies": {
        "@ethersproject/address": "^5.7.0",
        "@ethersproject/bignumber": "^5.7.0",
        "@ethersproject/bytes": "^5.7.0",
        "@ethersproject/constants": "^5.7.0",
        "@ethersproject/keccak256": "^5.7.0",
        "@ethersproject/logger": "^5.7.0",
        "@ethersproject/properties": "^5.7.0",
        "@ethersproject/rlp": "^5.7.0",
        "@ethersproject/signing-key": "^5.7.0"
      }
    },
    "node_modules/@ethersproject/units": {
      "version": "5.7.0",
      "funding": [
        {
          "type": "individual",
          "url": "https://gitcoin.co/grants/13/ethersjs-complete-simple-and-tiny-2"
        },
        {
          "type": "individual",
          "url": "https://www.buymeacoffee.com/ricmoo"
        }
      ],
      "license": "MIT",
      "dependencies": {
        "@ethersproject/bignumber": "^5.7.0",
        "@ethersproject/constants": "^5.7.0",
        "@ethersproject/logger": "^5.7.0"
      }
    },
    "node_modules/@ethersproject/wallet": {
      "version": "5.7.0",
      "funding": [
        {
          "type": "individual",
          "url": "https://gitcoin.co/grants/13/ethersjs-complete-simple-and-tiny-2"
        },
        {
          "type": "individual",
          "url": "https://www.buymeacoffee.com/ricmoo"
        }
      ],
      "license": "MIT",
      "dependencies": {
        "@ethersproject/abstract-provider": "^5.7.0",
        "@ethersproject/abstract-signer": "^5.7.0",
        "@ethersproject/address": "^5.7.0",
        "@ethersproject/bignumber": "^5.7.0",
        "@ethersproject/bytes": "^5.7.0",
        "@ethersproject/hash": "^5.7.0",
        "@ethersproject/hdnode": "^5.7.0",
        "@ethersproject/json-wallets": "^5.7.0",
        "@ethersproject/keccak256": "^5.7.0",
        "@ethersproject/logger": "^5.7.0",
        "@ethersproject/properties": "^5.7.0",
        "@ethersproject/random": "^5.7.0",
        "@ethersproject/signing-key": "^5.7.0",
        "@ethersproject/transactions": "^5.7.0",
        "@ethersproject/wordlists": "^5.7.0"
      }
    },
    "node_modules/@ethersproject/web": {
      "version": "5.7.1",
      "funding": [
        {
          "type": "individual",
          "url": "https://gitcoin.co/grants/13/ethersjs-complete-simple-and-tiny-2"
        },
        {
          "type": "individual",
          "url": "https://www.buymeacoffee.com/ricmoo"
        }
      ],
      "license": "MIT",
      "dependencies": {
        "@ethersproject/base64": "^5.7.0",
        "@ethersproject/bytes": "^5.7.0",
        "@ethersproject/logger": "^5.7.0",
        "@ethersproject/properties": "^5.7.0",
        "@ethersproject/strings": "^5.7.0"
      }
    },
    "node_modules/@ethersproject/wordlists": {
      "version": "5.7.0",
      "funding": [
        {
          "type": "individual",
          "url": "https://gitcoin.co/grants/13/ethersjs-complete-simple-and-tiny-2"
        },
        {
          "type": "individual",
          "url": "https://www.buymeacoffee.com/ricmoo"
        }
      ],
      "license": "MIT",
      "dependencies": {
        "@ethersproject/bytes": "^5.7.0",
        "@ethersproject/hash": "^5.7.0",
        "@ethersproject/logger": "^5.7.0",
        "@ethersproject/properties": "^5.7.0",
        "@ethersproject/strings": "^5.7.0"
      }
    },
    "node_modules/aes-js": {
      "version": "3.0.0",
      "license": "MIT"
    },
    "node_modules/assemblyscript": {
      "version": "0.27.0",
      "license": "Apache-2.0",
      "dependencies": {
        "binaryen": "111.0.0-nightly.20230111",
        "long": "^5.2.0"
      },
      "bin": {
        "asc": "bin/asc.js",
        "asinit": "bin/asinit.js"
      },
      "engines": {
        "node": ">=16.0.0",
        "npm": ">=7.0.0"
      },
      "funding": {
        "type": "opencollective",
        "url": "https://opencollective.com/assemblyscript"
      }
    },
    "node_modules/bech32": {
      "version": "1.1.4",
      "license": "MIT"
    },
    "node_modules/binaryen": {
      "version": "111.0.0-nightly.20230111",
      "license": "Apache-2.0",
      "bin": {
        "wasm-opt": "bin/wasm-opt",
        "wasm2js": "bin/wasm2js"
      }
    },
    "node_modules/bn.js": {
      "version": "5.2.1",
      "license": "MIT"
    },
    "node_modules/brorand": {
      "version": "1.1.0",
      "license": "MIT"
    },
    "node_modules/elliptic": {
      "version": "6.5.4",
      "license": "MIT",
      "dependencies": {
        "bn.js": "^4.11.9",
        "brorand": "^1.1.0",
        "hash.js": "^1.0.0",
        "hmac-drbg": "^1.0.1",
        "inherits": "^2.0.4",
        "minimalistic-assert": "^1.0.1",
        "minimalistic-crypto-utils": "^1.0.1"
      }
    },
    "node_modules/elliptic/node_modules/bn.js": {
      "version": "4.12.0",
      "license": "MIT"
    },
    "node_modules/esbuild": {
      "version": "0.16.17",
      "hasInstallScript": true,
      "license": "MIT",
      "bin": {
        "esbuild": "bin/esbuild"
      },
      "engines": {
        "node": ">=12"
      },
      "optionalDependencies": {
        "@esbuild/android-arm": "0.16.17",
        "@esbuild/android-arm64": "0.16.17",
        "@esbuild/android-x64": "0.16.17",
        "@esbuild/darwin-arm64": "0.16.17",
        "@esbuild/darwin-x64": "0.16.17",
        "@esbuild/freebsd-arm64": "0.16.17",
        "@esbuild/freebsd-x64": "0.16.17",
        "@esbuild/linux-arm": "0.16.17",
        "@esbuild/linux-arm64": "0.16.17",
        "@esbuild/linux-ia32": "0.16.17",
        "@esbuild/linux-loong64": "0.16.17",
        "@esbuild/linux-mips64el": "0.16.17",
        "@esbuild/linux-ppc64": "0.16.17",
        "@esbuild/linux-riscv64": "0.16.17",
        "@esbuild/linux-s390x": "0.16.17",
        "@esbuild/linux-x64": "0.16.17",
        "@esbuild/netbsd-x64": "0.16.17",
        "@esbuild/openbsd-x64": "0.16.17",
        "@esbuild/sunos-x64": "0.16.17",
        "@esbuild/win32-arm64": "0.16.17",
        "@esbuild/win32-ia32": "0.16.17",
        "@esbuild/win32-x64": "0.16.17"
      }
    },
    "node_modules/ethers": {
      "version": "5.7.2",
      "funding": [
        {
          "type": "individual",
          "url": "https://gitcoin.co/grants/13/ethersjs-complete-simple-and-tiny-2"
        },
        {
          "type": "individual",
          "url": "https://www.buymeacoffee.com/ricmoo"
        }
      ],
      "license": "MIT",
      "dependencies": {
        "@ethersproject/abi": "5.7.0",
        "@ethersproject/abstract-provider": "5.7.0",
        "@ethersproject/abstract-signer": "5.7.0",
        "@ethersproject/address": "5.7.0",
        "@ethersproject/base64": "5.7.0",
        "@ethersproject/basex": "5.7.0",
        "@ethersproject/bignumber": "5.7.0",
        "@ethersproject/bytes": "5.7.0",
        "@ethersproject/constants": "5.7.0",
        "@ethersproject/contracts": "5.7.0",
        "@ethersproject/hash": "5.7.0",
        "@ethersproject/hdnode": "5.7.0",
        "@ethersproject/json-wallets": "5.7.0",
        "@ethersproject/keccak256": "5.7.0",
        "@ethersproject/logger": "5.7.0",
        "@ethersproject/networks": "5.7.1",
        "@ethersproject/pbkdf2": "5.7.0",
        "@ethersproject/properties": "5.7.0",
        "@ethersproject/providers": "5.7.2",
        "@ethersproject/random": "5.7.0",
        "@ethersproject/rlp": "5.7.0",
        "@ethersproject/sha2": "5.7.0",
        "@ethersproject/signing-key": "5.7.0",
        "@ethersproject/solidity": "5.7.0",
        "@ethersproject/strings": "5.7.0",
        "@ethersproject/transactions": "5.7.0",
        "@ethersproject/units": "5.7.0",
        "@ethersproject/wallet": "5.7.0",
        "@ethersproject/web": "5.7.1",
        "@ethersproject/wordlists": "5.7.0"
      }
    },
    "node_modules/fsevents": {
      "version": "2.3.2",
      "license": "MIT",
      "optional": true,
      "os": [
        "darwin"
      ],
      "engines": {
        "node": "^8.16.0 || ^10.6.0 || >=11.0.0"
      }
    },
    "node_modules/function-bind": {
      "version": "1.1.1",
      "license": "MIT"
    },
    "node_modules/has": {
      "version": "1.0.3",
      "license": "MIT",
      "dependencies": {
        "function-bind": "^1.1.1"
      },
      "engines": {
        "node": ">= 0.4.0"
      }
    },
    "node_modules/hash.js": {
      "version": "1.1.7",
      "license": "MIT",
      "dependencies": {
        "inherits": "^2.0.3",
        "minimalistic-assert": "^1.0.1"
      }
    },
    "node_modules/hmac-drbg": {
      "version": "1.0.1",
      "license": "MIT",
      "dependencies": {
        "hash.js": "^1.0.3",
        "minimalistic-assert": "^1.0.0",
        "minimalistic-crypto-utils": "^1.0.1"
      }
    },
    "node_modules/inherits": {
      "version": "2.0.4",
      "license": "ISC"
    },
    "node_modules/is-core-module": {
      "version": "2.11.0",
      "license": "MIT",
      "dependencies": {
        "has": "^1.0.3"
      },
      "funding": {
        "url": "https://github.com/sponsors/ljharb"
      }
    },
    "node_modules/js-sha3": {
      "version": "0.8.0",
      "license": "MIT"
    },
    "node_modules/long": {
      "version": "5.2.1",
      "license": "Apache-2.0"
    },
    "node_modules/minimalistic-assert": {
      "version": "1.0.1",
      "license": "ISC"
    },
    "node_modules/minimalistic-crypto-utils": {
      "version": "1.0.1",
      "license": "MIT"
    },
    "node_modules/nanoid": {
      "version": "3.3.4",
      "license": "MIT",
      "bin": {
        "nanoid": "bin/nanoid.cjs"
      },
      "engines": {
        "node": "^10 || ^12 || ^13.7 || ^14 || >=15.0.1"
      }
    },
    "node_modules/path-parse": {
      "version": "1.0.7",
      "license": "MIT"
    },
    "node_modules/picocolors": {
      "version": "1.0.0",
      "license": "ISC"
    },
    "node_modules/postcss": {
      "version": "8.4.21",
      "funding": [
        {
          "type": "opencollective",
          "url": "https://opencollective.com/postcss/"
        },
        {
          "type": "tidelift",
          "url": "https://tidelift.com/funding/github/npm/postcss"
        }
      ],
      "license": "MIT",
      "dependencies": {
        "nanoid": "^3.3.4",
        "picocolors": "^1.0.0",
        "source-map-js": "^1.0.2"
      },
      "engines": {
        "node": "^10 || ^12 || >=14"
      }
    },
    "node_modules/resolve": {
      "version": "1.22.1",
      "license": "MIT",
      "dependencies": {
        "is-core-module": "^2.9.0",
        "path-parse": "^1.0.7",
        "supports-preserve-symlinks-flag": "^1.0.0"
      },
      "bin": {
        "resolve": "bin/resolve"
      },
      "funding": {
        "url": "https://github.com/sponsors/ljharb"
      }
    },
    "node_modules/rollup": {
      "version": "3.17.2",
      "license": "MIT",
      "bin": {
        "rollup": "dist/bin/rollup"
      },
      "engines": {
        "node": ">=14.18.0",
        "npm": ">=8.0.0"
      },
      "optionalDependencies": {
        "fsevents": "~2.3.2"
      }
    },
    "node_modules/scrypt-js": {
      "version": "3.0.1",
      "license": "MIT"
    },
    "node_modules/source-map-js": {
      "version": "1.0.2",
      "license": "BSD-3-Clause",
      "engines": {
        "node": ">=0.10.0"
      }
    },
    "node_modules/supports-preserve-symlinks-flag": {
      "version": "1.0.0",
      "license": "MIT",
      "engines": {
        "node": ">= 0.4"
      },
      "funding": {
        "url": "https://github.com/sponsors/ljharb"
      }
    },
    "node_modules/vite": {
      "version": "4.1.4",
      "license": "MIT",
      "dependencies": {
        "esbuild": "^0.16.14",
        "postcss": "^8.4.21",
        "resolve": "^1.22.1",
        "rollup": "^3.10.0"
      },
      "bin": {
        "vite": "bin/vite.js"
      },
      "engines": {
        "node": "^14.18.0 || >=16.0.0"
      },
      "optionalDependencies": {
        "fsevents": "~2.3.2"
      },
      "peerDependencies": {
        "@types/node": ">= 14",
        "less": "*",
        "sass": "*",
        "stylus": "*",
        "sugarss": "*",
        "terser": "^5.4.0"
      },
      "peerDependenciesMeta": {
        "@types/node": {
          "optional": true
        },
        "less": {
          "optional": true
        },
        "sass": {
          "optional": true
        },
        "stylus": {
          "optional": true
        },
        "sugarss": {
          "optional": true
        },
        "terser": {
          "optional": true
        }
      }
    },
    "node_modules/ws": {
      "version": "7.4.6",
      "license": "MIT",
      "engines": {
        "node": ">=8.3.0"
      },
      "peerDependencies": {
        "bufferutil": "^4.0.1",
        "utf-8-validate": "^5.0.2"
      },
      "peerDependenciesMeta": {
        "bufferutil": {
          "optional": true
        },
        "utf-8-validate": {
          "optional": true
        }
      }
    }
  },
  "dependencies": {
    "@esbuild/darwin-arm64": {
      "version": "0.16.17",
      "optional": true
    },
    "@ethersproject/abi": {
      "version": "5.7.0",
      "requires": {
        "@ethersproject/address": "^5.7.0",
        "@ethersproject/bignumber": "^5.7.0",
        "@ethersproject/bytes": "^5.7.0",
        "@ethersproject/constants": "^5.7.0",
        "@ethersproject/hash": "^5.7.0",
        "@ethersproject/keccak256": "^5.7.0",
        "@ethersproject/logger": "^5.7.0",
        "@ethersproject/properties": "^5.7.0",
        "@ethersproject/strings": "^5.7.0"
      }
    },
    "@ethersproject/abstract-provider": {
      "version": "5.7.0",
      "requires": {
        "@ethersproject/bignumber": "^5.7.0",
        "@ethersproject/bytes": "^5.7.0",
        "@ethersproject/logger": "^5.7.0",
        "@ethersproject/networks": "^5.7.0",
        "@ethersproject/properties": "^5.7.0",
        "@ethersproject/transactions": "^5.7.0",
        "@ethersproject/web": "^5.7.0"
      }
    },
    "@ethersproject/abstract-signer": {
      "version": "5.7.0",
      "requires": {
        "@ethersproject/abstract-provider": "^5.7.0",
        "@ethersproject/bignumber": "^5.7.0",
        "@ethersproject/bytes": "^5.7.0",
        "@ethersproject/logger": "^5.7.0",
        "@ethersproject/properties": "^5.7.0"
      }
    },
    "@ethersproject/address": {
      "version": "5.7.0",
      "requires": {
        "@ethersproject/bignumber": "^5.7.0",
        "@ethersproject/bytes": "^5.7.0",
        "@ethersproject/keccak256": "^5.7.0",
        "@ethersproject/logger": "^5.7.0",
        "@ethersproject/rlp": "^5.7.0"
      }
    },
    "@ethersproject/base64": {
      "version": "5.7.0",
      "requires": {
        "@ethersproject/bytes": "^5.7.0"
      }
    },
    "@ethersproject/basex": {
      "version": "5.7.0",
      "requires": {
        "@ethersproject/bytes": "^5.7.0",
        "@ethersproject/properties": "^5.7.0"
      }
    },
    "@ethersproject/bignumber": {
      "version": "5.7.0",
      "requires": {
        "@ethersproject/bytes": "^5.7.0",
        "@ethersproject/logger": "^5.7.0",
        "bn.js": "^5.2.1"
      }
    },
    "@ethersproject/bytes": {
      "version": "5.7.0",
      "requires": {
        "@ethersproject/logger": "^5.7.0"
      }
    },
    "@ethersproject/constants": {
      "version": "5.7.0",
      "requires": {
        "@ethersproject/bignumber": "^5.7.0"
      }
    },
    "@ethersproject/contracts": {
      "version": "5.7.0",
      "requires": {
        "@ethersproject/abi": "^5.7.0",
        "@ethersproject/abstract-provider": "^5.7.0",
        "@ethersproject/abstract-signer": "^5.7.0",
        "@ethersproject/address": "^5.7.0",
        "@ethersproject/bignumber": "^5.7.0",
        "@ethersproject/bytes": "^5.7.0",
        "@ethersproject/constants": "^5.7.0",
        "@ethersproject/logger": "^5.7.0",
        "@ethersproject/properties": "^5.7.0",
        "@ethersproject/transactions": "^5.7.0"
      }
    },
    "@ethersproject/hash": {
      "version": "5.7.0",
      "requires": {
        "@ethersproject/abstract-signer": "^5.7.0",
        "@ethersproject/address": "^5.7.0",
        "@ethersproject/base64": "^5.7.0",
        "@ethersproject/bignumber": "^5.7.0",
        "@ethersproject/bytes": "^5.7.0",
        "@ethersproject/keccak256": "^5.7.0",
        "@ethersproject/logger": "^5.7.0",
        "@ethersproject/properties": "^5.7.0",
        "@ethersproject/strings": "^5.7.0"
      }
    },
    "@ethersproject/hdnode": {
      "version": "5.7.0",
      "requires": {
        "@ethersproject/abstract-signer": "^5.7.0",
        "@ethersproject/basex": "^5.7.0",
        "@ethersproject/bignumber": "^5.7.0",
        "@ethersproject/bytes": "^5.7.0",
        "@ethersproject/logger": "^5.7.0",
        "@ethersproject/pbkdf2": "^5.7.0",
        "@ethersproject/properties": "^5.7.0",
        "@ethersproject/sha2": "^5.7.0",
        "@ethersproject/signing-key": "^5.7.0",
        "@ethersproject/strings": "^5.7.0",
        "@ethersproject/transactions": "^5.7.0",
        "@ethersproject/wordlists": "^5.7.0"
      }
    },
    "@ethersproject/json-wallets": {
      "version": "5.7.0",
      "requires": {
        "@ethersproject/abstract-signer": "^5.7.0",
        "@ethersproject/address": "^5.7.0",
        "@ethersproject/bytes": "^5.7.0",
        "@ethersproject/hdnode": "^5.7.0",
        "@ethersproject/keccak256": "^5.7.0",
        "@ethersproject/logger": "^5.7.0",
        "@ethersproject/pbkdf2": "^5.7.0",
        "@ethersproject/properties": "^5.7.0",
        "@ethersproject/random": "^5.7.0",
        "@ethersproject/strings": "^5.7.0",
        "@ethersproject/transactions": "^5.7.0",
        "aes-js": "3.0.0",
        "scrypt-js": "3.0.1"
      }
    },
    "@ethersproject/keccak256": {
      "version": "5.7.0",
      "requires": {
        "@ethersproject/bytes": "^5.7.0",
        "js-sha3": "0.8.0"
      }
    },
    "@ethersproject/logger": {
      "version": "5.7.0"
    },
    "@ethersproject/networks": {
      "version": "5.7.1",
      "requires": {
        "@ethersproject/logger": "^5.7.0"
      }
    },
    "@ethersproject/pbkdf2": {
      "version": "5.7.0",
      "requires": {
        "@ethersproject/bytes": "^5.7.0",
        "@ethersproject/sha2": "^5.7.0"
      }
    },
    "@ethersproject/properties": {
      "version": "5.7.0",
      "requires": {
        "@ethersproject/logger": "^5.7.0"
      }
    },
    "@ethersproject/providers": {
      "version": "5.7.2",
      "requires": {
        "@ethersproject/abstract-provider": "^5.7.0",
        "@ethersproject/abstract-signer": "^5.7.0",
        "@ethersproject/address": "^5.7.0",
        "@ethersproject/base64": "^5.7.0",
        "@ethersproject/basex": "^5.7.0",
        "@ethersproject/bignumber": "^5.7.0",
        "@ethersproject/bytes": "^5.7.0",
        "@ethersproject/constants": "^5.7.0",
        "@ethersproject/hash": "^5.7.0",
        "@ethersproject/logger": "^5.7.0",
        "@ethersproject/networks": "^5.7.0",
        "@ethersproject/properties": "^5.7.0",
        "@ethersproject/random": "^5.7.0",
        "@ethersproject/rlp": "^5.7.0",
        "@ethersproject/sha2": "^5.7.0",
        "@ethersproject/strings": "^5.7.0",
        "@ethersproject/transactions": "^5.7.0",
        "@ethersproject/web": "^5.7.0",
        "bech32": "1.1.4",
        "ws": "7.4.6"
      }
    },
    "@ethersproject/random": {
      "version": "5.7.0",
      "requires": {
        "@ethersproject/bytes": "^5.7.0",
        "@ethersproject/logger": "^5.7.0"
      }
    },
    "@ethersproject/rlp": {
      "version": "5.7.0",
      "requires": {
        "@ethersproject/bytes": "^5.7.0",
        "@ethersproject/logger": "^5.7.0"
      }
    },
    "@ethersproject/sha2": {
      "version": "5.7.0",
      "requires": {
        "@ethersproject/bytes": "^5.7.0",
        "@ethersproject/logger": "^5.7.0",
        "hash.js": "1.1.7"
      }
    },
    "@ethersproject/signing-key": {
      "version": "5.7.0",
      "requires": {
        "@ethersproject/bytes": "^5.7.0",
        "@ethersproject/logger": "^5.7.0",
        "@ethersproject/properties": "^5.7.0",
        "bn.js": "^5.2.1",
        "elliptic": "6.5.4",
        "hash.js": "1.1.7"
      }
    },
    "@ethersproject/solidity": {
      "version": "5.7.0",
      "requires": {
        "@ethersproject/bignumber": "^5.7.0",
        "@ethersproject/bytes": "^5.7.0",
        "@ethersproject/keccak256": "^5.7.0",
        "@ethersproject/logger": "^5.7.0",
        "@ethersproject/sha2": "^5.7.0",
        "@ethersproject/strings": "^5.7.0"
      }
    },
    "@ethersproject/strings": {
      "version": "5.7.0",
      "requires": {
        "@ethersproject/bytes": "^5.7.0",
        "@ethersproject/constants": "^5.7.0",
        "@ethersproject/logger": "^5.7.0"
      }
    },
    "@ethersproject/transactions": {
      "version": "5.7.0",
      "requires": {
        "@ethersproject/address": "^5.7.0",
        "@ethersproject/bignumber": "^5.7.0",
        "@ethersproject/bytes": "^5.7.0",
        "@ethersproject/constants": "^5.7.0",
        "@ethersproject/keccak256": "^5.7.0",
        "@ethersproject/logger": "^5.7.0",
        "@ethersproject/properties": "^5.7.0",
        "@ethersproject/rlp": "^5.7.0",
        "@ethersproject/signing-key": "^5.7.0"
      }
    },
    "@ethersproject/units": {
      "version": "5.7.0",
      "requires": {
        "@ethersproject/bignumber": "^5.7.0",
        "@ethersproject/constants": "^5.7.0",
        "@ethersproject/logger": "^5.7.0"
      }
    },
    "@ethersproject/wallet": {
      "version": "5.7.0",
      "requires": {
        "@ethersproject/abstract-provider": "^5.7.0",
        "@ethersproject/abstract-signer": "^5.7.0",
        "@ethersproject/address": "^5.7.0",
        "@ethersproject/bignumber": "^5.7.0",
        "@ethersproject/bytes": "^5.7.0",
        "@ethersproject/hash": "^5.7.0",
        "@ethersproject/hdnode": "^5.7.0",
        "@ethersproject/json-wallets": "^5.7.0",
        "@ethersproject/keccak256": "^5.7.0",
        "@ethersproject/logger": "^5.7.0",
        "@ethersproject/properties": "^5.7.0",
        "@ethersproject/random": "^5.7.0",
        "@ethersproject/signing-key": "^5.7.0",
        "@ethersproject/transactions": "^5.7.0",
        "@ethersproject/wordlists": "^5.7.0"
      }
    },
    "@ethersproject/web": {
      "version": "5.7.1",
      "requires": {
        "@ethersproject/base64": "^5.7.0",
        "@ethersproject/bytes": "^5.7.0",
        "@ethersproject/logger": "^5.7.0",
        "@ethersproject/properties": "^5.7.0",
        "@ethersproject/strings": "^5.7.0"
      }
    },
    "@ethersproject/wordlists": {
      "version": "5.7.0",
      "requires": {
        "@ethersproject/bytes": "^5.7.0",
        "@ethersproject/hash": "^5.7.0",
        "@ethersproject/logger": "^5.7.0",
        "@ethersproject/properties": "^5.7.0",
        "@ethersproject/strings": "^5.7.0"
      }
    },
    "aes-js": {
      "version": "3.0.0"
    },
    "assemblyscript": {
      "version": "0.27.0",
      "requires": {
        "binaryen": "111.0.0-nightly.20230111",
        "long": "^5.2.0"
      }
    },
    "bech32": {
      "version": "1.1.4"
    },
    "binaryen": {
      "version": "111.0.0-nightly.20230111"
    },
    "bn.js": {
      "version": "5.2.1"
    },
    "brorand": {
      "version": "1.1.0"
    },
    "elliptic": {
      "version": "6.5.4",
      "requires": {
        "bn.js": "^4.11.9",
        "brorand": "^1.1.0",
        "hash.js": "^1.0.0",
        "hmac-drbg": "^1.0.1",
        "inherits": "^2.0.4",
        "minimalistic-assert": "^1.0.1",
        "minimalistic-crypto-utils": "^1.0.1"
      },
      "dependencies": {
        "bn.js": {
          "version": "4.12.0"
        }
      }
    },
    "esbuild": {
      "version": "0.16.17",
      "requires": {
        "@esbuild/android-arm": "0.16.17",
        "@esbuild/android-arm64": "0.16.17",
        "@esbuild/android-x64": "0.16.17",
        "@esbuild/darwin-arm64": "0.16.17",
        "@esbuild/darwin-x64": "0.16.17",
        "@esbuild/freebsd-arm64": "0.16.17",
        "@esbuild/freebsd-x64": "0.16.17",
        "@esbuild/linux-arm": "0.16.17",
        "@esbuild/linux-arm64": "0.16.17",
        "@esbuild/linux-ia32": "0.16.17",
        "@esbuild/linux-loong64": "0.16.17",
        "@esbuild/linux-mips64el": "0.16.17",
        "@esbuild/linux-ppc64": "0.16.17",
        "@esbuild/linux-riscv64": "0.16.17",
        "@esbuild/linux-s390x": "0.16.17",
        "@esbuild/linux-x64": "0.16.17",
        "@esbuild/netbsd-x64": "0.16.17",
        "@esbuild/openbsd-x64": "0.16.17",
        "@esbuild/sunos-x64": "0.16.17",
        "@esbuild/win32-arm64": "0.16.17",
        "@esbuild/win32-ia32": "0.16.17",
        "@esbuild/win32-x64": "0.16.17"
      }
    },
    "ethers": {
      "version": "5.7.2",
      "requires": {
        "@ethersproject/abi": "5.7.0",
        "@ethersproject/abstract-provider": "5.7.0",
        "@ethersproject/abstract-signer": "5.7.0",
        "@ethersproject/address": "5.7.0",
        "@ethersproject/base64": "5.7.0",
        "@ethersproject/basex": "5.7.0",
        "@ethersproject/bignumber": "5.7.0",
        "@ethersproject/bytes": "5.7.0",
        "@ethersproject/constants": "5.7.0",
        "@ethersproject/contracts": "5.7.0",
        "@ethersproject/hash": "5.7.0",
        "@ethersproject/hdnode": "5.7.0",
        "@ethersproject/json-wallets": "5.7.0",
        "@ethersproject/keccak256": "5.7.0",
        "@ethersproject/logger": "5.7.0",
        "@ethersproject/networks": "5.7.1",
        "@ethersproject/pbkdf2": "5.7.0",
        "@ethersproject/properties": "5.7.0",
        "@ethersproject/providers": "5.7.2",
        "@ethersproject/random": "5.7.0",
        "@ethersproject/rlp": "5.7.0",
        "@ethersproject/sha2": "5.7.0",
        "@ethersproject/signing-key": "5.7.0",
        "@ethersproject/solidity": "5.7.0",
        "@ethersproject/strings": "5.7.0",
        "@ethersproject/transactions": "5.7.0",
        "@ethersproject/units": "5.7.0",
        "@ethersproject/wallet": "5.7.0",
        "@ethersproject/web": "5.7.1",
        "@ethersproject/wordlists": "5.7.0"
      }
    },
    "fsevents": {
      "version": "2.3.2",
      "optional": true
    },
    "function-bind": {
      "version": "1.1.1"
    },
    "has": {
      "version": "1.0.3",
      "requires": {
        "function-bind": "^1.1.1"
      }
    },
    "hash.js": {
      "version": "1.1.7",
      "requires": {
        "inherits": "^2.0.3",
        "minimalistic-assert": "^1.0.1"
      }
    },
    "hmac-drbg": {
      "version": "1.0.1",
      "requires": {
        "hash.js": "^1.0.3",
        "minimalistic-assert": "^1.0.0",
        "minimalistic-crypto-utils": "^1.0.1"
      }
    },
    "inherits": {
      "version": "2.0.4"
    },
    "is-core-module": {
      "version": "2.11.0",
      "requires": {
        "has": "^1.0.3"
      }
    },
    "js-sha3": {
      "version": "0.8.0"
    },
    "long": {
      "version": "5.2.1"
    },
    "minimalistic-assert": {
      "version": "1.0.1"
    },
    "minimalistic-crypto-utils": {
      "version": "1.0.1"
    },
    "nanoid": {
      "version": "3.3.4"
    },
    "path-parse": {
      "version": "1.0.7"
    },
    "picocolors": {
      "version": "1.0.0"
    },
    "postcss": {
      "version": "8.4.21",
      "requires": {
        "nanoid": "^3.3.4",
        "picocolors": "^1.0.0",
        "source-map-js": "^1.0.2"
      }
    },
    "resolve": {
      "version": "1.22.1",
      "requires": {
        "is-core-module": "^2.9.0",
        "path-parse": "^1.0.7",
        "supports-preserve-symlinks-flag": "^1.0.0"
      }
    },
    "rollup": {
      "version": "3.17.2",
      "requires": {
        "fsevents": "~2.3.2"
      }
    },
    "scrypt-js": {
      "version": "3.0.1"
    },
    "source-map-js": {
      "version": "1.0.2"
    },
    "supports-preserve-symlinks-flag": {
      "version": "1.0.0"
    },
    "vite": {
      "version": "4.1.4",
      "requires": {
        "esbuild": "^0.16.14",
        "fsevents": "~2.3.2",
        "postcss": "^8.4.21",
        "resolve": "^1.22.1",
        "rollup": "^3.10.0"
      }
    },
    "ws": {
      "version": "7.4.6",
      "requires": {}
    }
  }
}
